
Microsoft Visual Studio Solution File, Format Version 12.00
# Visual Studio Version 16
VisualStudioVersion = 16.0.31605.320
MinimumVisualStudioVersion = 10.0.40219.1
Project("{FAE04EC0-301F-11D3-BF4B-00C04F79EFBC}") = "LaunchDarkly Project", "LaunchDarkly Project\LaunchDarkly Project.csproj", "{55781084-7913-483E-AE05-5FCF138CDF6D}"
EndProject
Global
	GlobalSection(SolutionConfigurationPlatforms) = preSolution
		Debug|Any CPU = Debug|Any CPU
		Release|Any CPU = Release|Any CPU
	EndGlobalSection
	GlobalSection(ProjectConfigurationPlatforms) = postSolution
		{55781084-7913-483E-AE05-5FCF138CDF6D}.Debug|Any CPU.ActiveCfg = Debug|Any CPU
		{55781084-7913-483E-AE05-5FCF138CDF6D}.Debug|Any CPU.Build.0 = Debug|Any CPU
		{55781084-7913-483E-AE05-5FCF138CDF6D}.Release|Any CPU.ActiveCfg = Release|Any CPU
		{55781084-7913-483E-AE05-5FCF138CDF6D}.Release|Any CPU.Build.0 = Release|Any CPU
	EndGlobalSection
	GlobalSection(SolutionProperties) = preSolution
		HideSolutionNode = FALSE
	EndGlobalSection
	GlobalSection(ExtensibilityGlobals) = postSolution
		SolutionGuid = {32FD5535-9CB8-48E6-83BE-C54BEEA2AB76}
	EndGlobalSection
EndGlobal
